
Microsoft Visual Studio Solution File, Format Version 12.00
# Visual Studio 15
VisualStudioVersion = 15.0.28010.2050
MinimumVisualStudioVersion = 10.0.40219.1
Project("{FAE04EC0-301F-11D3-BF4B-00C04F79EFBC}") = "For Loop Participation 5.2", "For Loop Participation 5.2\For Loop Participation 5.2.csproj", "{F94091B6-3F80-4E9F-B7F5-6EC16A0C3661}"
EndProject
Global
	GlobalSection(SolutionConfigurationPlatforms) = preSolution
		Debug|Any CPU = Debug|Any CPU
		Release|Any CPU = Release|Any CPU
	EndGlobalSection
	GlobalSection(ProjectConfigurationPlatforms) = postSolution
		{F94091B6-3F80-4E9F-B7F5-6EC16A0C3661}.Debug|Any CPU.ActiveCfg = Debug|Any CPU
		{F94091B6-3F80-4E9F-B7F5-6EC16A0C3661}.Debug|Any CPU.Build.0 = Debug|Any CPU
		{F94091B6-3F80-4E9F-B7F5-6EC16A0C3661}.Release|Any CPU.ActiveCfg = Release|Any CPU
		{F94091B6-3F80-4E9F-B7F5-6EC16A0C3661}.Release|Any CPU.Build.0 = Release|Any CPU
	EndGlobalSection
	GlobalSection(SolutionProperties) = preSolution
		HideSolutionNode = FALSE
	EndGlobalSection
	GlobalSection(ExtensibilityGlobals) = postSolution
		SolutionGuid = {2F8E5F06-DC83-4061-B665-26BCEBD5C83C}
	EndGlobalSection
EndGlobal
